
Microsoft Visual Studio Solution File, Format Version 12.00
# Visual Studio Version 17
VisualStudioVersion = 17.10.35027.167
MinimumVisualStudioVersion = 10.0.40219.1
Project("{FAE04EC0-301F-11D3-BF4B-00C04F79EFBC}") = "Server", "Server.csproj", "{BDC8BC93-EDAE-436B-829C-52A2728D8F3D}"
EndProject
Project("{FAE04EC0-301F-11D3-BF4B-00C04F79EFBC}") = "DecanatClient", "..\DecanatClient\DecanatClient.csproj", "{C12FE388-5B24-41D1-96A2-45BC96CD6AEC}"
EndProject
Global
	GlobalSection(SolutionConfigurationPlatforms) = preSolution
		Debug|Any CPU = Debug|Any CPU
		Release|Any CPU = Release|Any CPU
	EndGlobalSection
	GlobalSection(ProjectConfigurationPlatforms) = postSolution
		{BDC8BC93-EDAE-436B-829C-52A2728D8F3D}.Debug|Any CPU.ActiveCfg = Debug|Any CPU
		{BDC8BC93-EDAE-436B-829C-52A2728D8F3D}.Debug|Any CPU.Build.0 = Debug|Any CPU
		{BDC8BC93-EDAE-436B-829C-52A2728D8F3D}.Release|Any CPU.ActiveCfg = Release|Any CPU
		{BDC8BC93-EDAE-436B-829C-52A2728D8F3D}.Release|Any CPU.Build.0 = Release|Any CPU
		{C12FE388-5B24-41D1-96A2-45BC96CD6AEC}.Debug|Any CPU.ActiveCfg = Debug|Any CPU
		{C12FE388-5B24-41D1-96A2-45BC96CD6AEC}.Debug|Any CPU.Build.0 = Debug|Any CPU
		{C12FE388-5B24-41D1-96A2-45BC96CD6AEC}.Release|Any CPU.ActiveCfg = Release|Any CPU
		{C12FE388-5B24-41D1-96A2-45BC96CD6AEC}.Release|Any CPU.Build.0 = Release|Any CPU
	EndGlobalSection
	GlobalSection(SolutionProperties) = preSolution
		HideSolutionNode = FALSE
	EndGlobalSection
	GlobalSection(ExtensibilityGlobals) = postSolution
		SolutionGuid = {22C09B22-9F5E-48BD-BB65-D34FC827FFA6}
	EndGlobalSection
EndGlobal
